
Microsoft Visual Studio Solution File, Format Version 12.00
# Visual Studio Version 17
VisualStudioVersion = 17.0.31903.59
MinimumVisualStudioVersion = 10.0.40219.1
Project("{2150E333-8FDC-42A3-9474-1A3956D46DE8}") = "src", "src", "{827E0CD3-B72D-47B6-A68D-7590B98EB39B}"
EndProject
Project("{FAE04EC0-301F-11D3-BF4B-00C04F79EFBC}") = "SubscripManager.application", "src\SubscripManager.application\SubscripManager.application.csproj", "{716077B5-A364-4921-A917-77344DC3116C}"
EndProject
Project("{FAE04EC0-301F-11D3-BF4B-00C04F79EFBC}") = "SubscripManager.infra", "src\SubscripManager.infra\SubscripManager.infra.csproj", "{03EAB40D-187B-4504-B2B9-AE73BED857A4}"
EndProject
Project("{FAE04EC0-301F-11D3-BF4B-00C04F79EFBC}") = "SubscripManager.domain", "src\SubscripManager.domain\SubscripManager.domain.csproj", "{E5D79351-4ED6-49E7-B55C-F99380D44C64}"
EndProject
Project("{FAE04EC0-301F-11D3-BF4B-00C04F79EFBC}") = "SubscripManager.api", "src\SubscripManager.api\SubscripManager.api.csproj", "{72F8ED51-01A4-475F-867C-8F5640F43585}"
EndProject
Global
	GlobalSection(SolutionConfigurationPlatforms) = preSolution
		Debug|Any CPU = Debug|Any CPU
		Debug|x64 = Debug|x64
		Debug|x86 = Debug|x86
		Release|Any CPU = Release|Any CPU
		Release|x64 = Release|x64
		Release|x86 = Release|x86
	EndGlobalSection
	GlobalSection(ProjectConfigurationPlatforms) = postSolution
		{716077B5-A364-4921-A917-77344DC3116C}.Debug|Any CPU.ActiveCfg = Debug|Any CPU
		{716077B5-A364-4921-A917-77344DC3116C}.Debug|Any CPU.Build.0 = Debug|Any CPU
		{716077B5-A364-4921-A917-77344DC3116C}.Debug|x64.ActiveCfg = Debug|Any CPU
		{716077B5-A364-4921-A917-77344DC3116C}.Debug|x64.Build.0 = Debug|Any CPU
		{716077B5-A364-4921-A917-77344DC3116C}.Debug|x86.ActiveCfg = Debug|Any CPU
		{716077B5-A364-4921-A917-77344DC3116C}.Debug|x86.Build.0 = Debug|Any CPU
		{716077B5-A364-4921-A917-77344DC3116C}.Release|Any CPU.ActiveCfg = Release|Any CPU
		{716077B5-A364-4921-A917-77344DC3116C}.Release|Any CPU.Build.0 = Release|Any CPU
		{716077B5-A364-4921-A917-77344DC3116C}.Release|x64.ActiveCfg = Release|Any CPU
		{716077B5-A364-4921-A917-77344DC3116C}.Release|x64.Build.0 = Release|Any CPU
		{716077B5-A364-4921-A917-77344DC3116C}.Release|x86.ActiveCfg = Release|Any CPU
		{716077B5-A364-4921-A917-77344DC3116C}.Release|x86.Build.0 = Release|Any CPU
		{03EAB40D-187B-4504-B2B9-AE73BED857A4}.Debug|Any CPU.ActiveCfg = Debug|Any CPU
		{03EAB40D-187B-4504-B2B9-AE73BED857A4}.Debug|Any CPU.Build.0 = Debug|Any CPU
		{03EAB40D-187B-4504-B2B9-AE73BED857A4}.Debug|x64.ActiveCfg = Debug|Any CPU
		{03EAB40D-187B-4504-B2B9-AE73BED857A4}.Debug|x64.Build.0 = Debug|Any CPU
		{03EAB40D-187B-4504-B2B9-AE73BED857A4}.Debug|x86.ActiveCfg = Debug|Any CPU
		{03EAB40D-187B-4504-B2B9-AE73BED857A4}.Debug|x86.Build.0 = Debug|Any CPU
		{03EAB40D-187B-4504-B2B9-AE73BED857A4}.Release|Any CPU.ActiveCfg = Release|Any CPU
		{03EAB40D-187B-4504-B2B9-AE73BED857A4}.Release|Any CPU.Build.0 = Release|Any CPU
		{03EAB40D-187B-4504-B2B9-AE73BED857A4}.Release|x64.ActiveCfg = Release|Any CPU
		{03EAB40D-187B-4504-B2B9-AE73BED857A4}.Release|x64.Build.0 = Release|Any CPU
		{03EAB40D-187B-4504-B2B9-AE73BED857A4}.Release|x86.ActiveCfg = Release|Any CPU
		{03EAB40D-187B-4504-B2B9-AE73BED857A4}.Release|x86.Build.0 = Release|Any CPU
		{E5D79351-4ED6-49E7-B55C-F99380D44C64}.Debug|Any CPU.ActiveCfg = Debug|Any CPU
		{E5D79351-4ED6-49E7-B55C-F99380D44C64}.Debug|Any CPU.Build.0 = Debug|Any CPU
		{E5D79351-4ED6-49E7-B55C-F99380D44C64}.Debug|x64.ActiveCfg = Debug|Any CPU
		{E5D79351-4ED6-49E7-B55C-F99380D44C64}.Debug|x64.Build.0 = Debug|Any CPU
		{E5D79351-4ED6-49E7-B55C-F99380D44C64}.Debug|x86.ActiveCfg = Debug|Any CPU
		{E5D79351-4ED6-49E7-B55C-F99380D44C64}.Debug|x86.Build.0 = Debug|Any CPU
		{E5D79351-4ED6-49E7-B55C-F99380D44C64}.Release|Any CPU.ActiveCfg = Release|Any CPU
		{E5D79351-4ED6-49E7-B55C-F99380D44C64}.Release|Any CPU.Build.0 = Release|Any CPU
		{E5D79351-4ED6-49E7-B55C-F99380D44C64}.Release|x64.ActiveCfg = Release|Any CPU
		{E5D79351-4ED6-49E7-B55C-F99380D44C64}.Release|x64.Build.0 = Release|Any CPU
		{E5D79351-4ED6-49E7-B55C-F99380D44C64}.Release|x86.ActiveCfg = Release|Any CPU
		{E5D79351-4ED6-49E7-B55C-F99380D44C64}.Release|x86.Build.0 = Release|Any CPU
		{72F8ED51-01A4-475F-867C-8F5640F43585}.Debug|Any CPU.ActiveCfg = Debug|Any CPU
		{72F8ED51-01A4-475F-867C-8F5640F43585}.Debug|Any CPU.Build.0 = Debug|Any CPU
		{72F8ED51-01A4-475F-867C-8F5640F43585}.Debug|x64.ActiveCfg = Debug|Any CPU
		{72F8ED51-01A4-475F-867C-8F5640F43585}.Debug|x64.Build.0 = Debug|Any CPU
		{72F8ED51-01A4-475F-867C-8F5640F43585}.Debug|x86.ActiveCfg = Debug|Any CPU
		{72F8ED51-01A4-475F-867C-8F5640F43585}.Debug|x86.Build.0 = Debug|Any CPU
		{72F8ED51-01A4-475F-867C-8F5640F43585}.Release|Any CPU.ActiveCfg = Release|Any CPU
		{72F8ED51-01A4-475F-867C-8F5640F43585}.Release|Any CPU.Build.0 = Release|Any CPU
		{72F8ED51-01A4-475F-867C-8F5640F43585}.Release|x64.ActiveCfg = Release|Any CPU
		{72F8ED51-01A4-475F-867C-8F5640F43585}.Release|x64.Build.0 = Release|Any CPU
		{72F8ED51-01A4-475F-867C-8F5640F43585}.Release|x86.ActiveCfg = Release|Any CPU
		{72F8ED51-01A4-475F-867C-8F5640F43585}.Release|x86.Build.0 = Release|Any CPU
	EndGlobalSection
	GlobalSection(SolutionProperties) = preSolution
		HideSolutionNode = FALSE
	EndGlobalSection
	GlobalSection(NestedProjects) = preSolution
		{716077B5-A364-4921-A917-77344DC3116C} = {827E0CD3-B72D-47B6-A68D-7590B98EB39B}
		{03EAB40D-187B-4504-B2B9-AE73BED857A4} = {827E0CD3-B72D-47B6-A68D-7590B98EB39B}
		{E5D79351-4ED6-49E7-B55C-F99380D44C64} = {827E0CD3-B72D-47B6-A68D-7590B98EB39B}
		{72F8ED51-01A4-475F-867C-8F5640F43585} = {827E0CD3-B72D-47B6-A68D-7590B98EB39B}
	EndGlobalSection
EndGlobal
